
Microsoft Visual Studio Solution File, Format Version 12.00
# Visual Studio 2015
Project("{FAE04EC0-301F-11D3-BF4B-00C04F79EFBC}") = "Final Project.Plugins", "Final Project.Plugins.csproj", "{764800B5-9684-BC0E-CCC4-D3FF75AB2924}"
EndProject
Project("{FAE04EC0-301F-11D3-BF4B-00C04F79EFBC}") = "Final Project", "Final Project.csproj", "{D5A64183-2B69-450B-C739-3CD5ACBECFB1}"
EndProject
Project("{FAE04EC0-301F-11D3-BF4B-00C04F79EFBC}") = "Final Project.Editor.Plugins", "Final Project.Editor.Plugins.csproj", "{C9CE95BF-1B21-5E13-1E70-A5E84FFC0F21}"
EndProject
Project("{FAE04EC0-301F-11D3-BF4B-00C04F79EFBC}") = "Final Project.Editor", "Final Project.Editor.csproj", "{BBDBFD35-D229-843D-63BE-D63C6107585C}"
EndProject
Global
	GlobalSection(SolutionConfigurationPlatforms) = preSolution
		Debug|Any CPU = Debug|Any CPU
		Release|Any CPU = Release|Any CPU
	EndGlobalSection
	GlobalSection(ProjectConfigurationPlatforms) = postSolution
		{764800B5-9684-BC0E-CCC4-D3FF75AB2924}.Debug|Any CPU.ActiveCfg = Debug|Any CPU
		{764800B5-9684-BC0E-CCC4-D3FF75AB2924}.Debug|Any CPU.Build.0 = Debug|Any CPU
		{764800B5-9684-BC0E-CCC4-D3FF75AB2924}.Release|Any CPU.ActiveCfg = Release|Any CPU
		{764800B5-9684-BC0E-CCC4-D3FF75AB2924}.Release|Any CPU.Build.0 = Release|Any CPU
		{D5A64183-2B69-450B-C739-3CD5ACBECFB1}.Debug|Any CPU.ActiveCfg = Debug|Any CPU
		{D5A64183-2B69-450B-C739-3CD5ACBECFB1}.Debug|Any CPU.Build.0 = Debug|Any CPU
		{D5A64183-2B69-450B-C739-3CD5ACBECFB1}.Release|Any CPU.ActiveCfg = Release|Any CPU
		{D5A64183-2B69-450B-C739-3CD5ACBECFB1}.Release|Any CPU.Build.0 = Release|Any CPU
		{C9CE95BF-1B21-5E13-1E70-A5E84FFC0F21}.Debug|Any CPU.ActiveCfg = Debug|Any CPU
		{C9CE95BF-1B21-5E13-1E70-A5E84FFC0F21}.Debug|Any CPU.Build.0 = Debug|Any CPU
		{C9CE95BF-1B21-5E13-1E70-A5E84FFC0F21}.Release|Any CPU.ActiveCfg = Release|Any CPU
		{C9CE95BF-1B21-5E13-1E70-A5E84FFC0F21}.Release|Any CPU.Build.0 = Release|Any CPU
		{BBDBFD35-D229-843D-63BE-D63C6107585C}.Debug|Any CPU.ActiveCfg = Debug|Any CPU
		{BBDBFD35-D229-843D-63BE-D63C6107585C}.Debug|Any CPU.Build.0 = Debug|Any CPU
		{BBDBFD35-D229-843D-63BE-D63C6107585C}.Release|Any CPU.ActiveCfg = Release|Any CPU
		{BBDBFD35-D229-843D-63BE-D63C6107585C}.Release|Any CPU.Build.0 = Release|Any CPU
	EndGlobalSection
	GlobalSection(SolutionProperties) = preSolution
		HideSolutionNode = FALSE
	EndGlobalSection
EndGlobal
